// !$*UTF8*$!
{
	archiveVersion = 1;
	classes = {
	};
	objectVersion = 50;
	objects = {

/* Begin PBXBuildFile section */
		841D861D2121700B00238A96 /* AppDelegate.swift in Sources */ = {isa = PBXBuildFile; fileRef = 841D861C2121700B00238A96 /* AppDelegate.swift */; };
		841D861F2121700B00238A96 /* WeightViewController.swift in Sources */ = {isa = PBXBuildFile; fileRef = 841D861E2121700B00238A96 /* WeightViewController.swift */; };
		841D86212121700B00238A96 /* TermperatureViewController.swift in Sources */ = {isa = PBXBuildFile; fileRef = 841D86202121700B00238A96 /* TermperatureViewController.swift */; };
		841D86242121700B00238A96 /* Main.storyboard in Resources */ = {isa = PBXBuildFile; fileRef = 841D86222121700B00238A96 /* Main.storyboard */; };
		841D86262121700D00238A96 /* Assets.xcassets in Resources */ = {isa = PBXBuildFile; fileRef = 841D86252121700D00238A96 /* Assets.xcassets */; };
		841D86292121700D00238A96 /* LaunchScreen.storyboard in Resources */ = {isa = PBXBuildFile; fileRef = 841D86272121700D00238A96 /* LaunchScreen.storyboard */; };
		844240FD212909C3008BD88E /* TemperatureState.swift in Sources */ = {isa = PBXBuildFile; fileRef = 844240FC212909C3008BD88E /* TemperatureState.swift */; };
		844240FF21290A12008BD88E /* WeightState.swift in Sources */ = {isa = PBXBuildFile; fileRef = 844240FE21290A12008BD88E /* WeightState.swift */; };
		8442410121290A31008BD88E /* DistanceState.swift in Sources */ = {isa = PBXBuildFile; fileRef = 8442410021290A31008BD88E /* DistanceState.swift */; };
		8442410321290A46008BD88E /* SpeedState.swift in Sources */ = {isa = PBXBuildFile; fileRef = 8442410221290A46008BD88E /* SpeedState.swift */; };
		847D5EA121221F1B00755E12 /* DistanceViewController.swift in Sources */ = {isa = PBXBuildFile; fileRef = 847D5EA021221F1B00755E12 /* DistanceViewController.swift */; };
		847D5EA32122223600755E12 /* SpeedViewController.swift in Sources */ = {isa = PBXBuildFile; fileRef = 847D5EA22122223600755E12 /* SpeedViewController.swift */; };
/* End PBXBuildFile section */

/* Begin PBXFileReference section */
		841D86192121700B00238A96 /* Converter Pro.app */ = {isa = PBXFileReference; explicitFileType = wrapper.application; includeInIndex = 0; path = "Converter Pro.app"; sourceTree = BUILT_PRODUCTS_DIR; };
		841D861C2121700B00238A96 /* AppDelegate.swift */ = {isa = PBXFileReference; lastKnownFileType = sourcecode.swift; path = AppDelegate.swift; sourceTree = "<group>"; };
		841D861E2121700B00238A96 /* WeightViewController.swift */ = {isa = PBXFileReference; lastKnownFileType = sourcecode.swift; path = WeightViewController.swift; sourceTree = "<group>"; };
		841D86202121700B00238A96 /* TermperatureViewController.swift */ = {isa = PBXFileReference; lastKnownFileType = sourcecode.swift; path = TermperatureViewController.swift; sourceTree = "<group>"; };
		841D86232121700B00238A96 /* Base */ = {isa = PBXFileReference; lastKnownFileType = file.storyboard; name = Base; path = Base.lproj/Main.storyboard; sourceTree = "<group>"; };
		841D86252121700D00238A96 /* Assets.xcassets */ = {isa = PBXFileReference; lastKnownFileType = folder.assetcatalog; path = Assets.xcassets; sourceTree = "<group>"; };
		841D86282121700D00238A96 /* Base */ = {isa = PBXFileReference; lastKnownFileType = file.storyboard; name = Base; path = Base.lproj/LaunchScreen.storyboard; sourceTree = "<group>"; };
		841D862A2121700D00238A96 /* Info.plist */ = {isa = PBXFileReference; lastKnownFileType = text.plist.xml; path = Info.plist; sourceTree = "<group>"; };
		844240FC212909C3008BD88E /* TemperatureState.swift */ = {isa = PBXFileReference; lastKnownFileType = sourcecode.swift; path = TemperatureState.swift; sourceTree = "<group>"; };
		844240FE21290A12008BD88E /* WeightState.swift */ = {isa = PBXFileReference; lastKnownFileType = sourcecode.swift; path = WeightState.swift; sourceTree = "<group>"; };
		8442410021290A31008BD88E /* DistanceState.swift */ = {isa = PBXFileReference; lastKnownFileType = sourcecode.swift; path = DistanceState.swift; sourceTree = "<group>"; };
		8442410221290A46008BD88E /* SpeedState.swift */ = {isa = PBXFileReference; lastKnownFileType = sourcecode.swift; path = SpeedState.swift; sourceTree = "<group>"; };
		847D5EA021221F1B00755E12 /* DistanceViewController.swift */ = {isa = PBXFileReference; lastKnownFileType = sourcecode.swift; path = DistanceViewController.swift; sourceTree = "<group>"; };
		847D5EA22122223600755E12 /* SpeedViewController.swift */ = {isa = PBXFileReference; lastKnownFileType = sourcecode.swift; path = SpeedViewController.swift; sourceTree = "<group>"; };
/* End PBXFileReference section */

/* Begin PBXFrameworksBuildPhase section */
		841D86162121700B00238A96 /* Frameworks */ = {
			isa = PBXFrameworksBuildPhase;
			buildActionMask = 2147483647;
			files = (
			);
			runOnlyForDeploymentPostprocessing = 0;
		};
/* End PBXFrameworksBuildPhase section */

/* Begin PBXGroup section */
		841D86102121700B00238A96 = {
			isa = PBXGroup;
			children = (
				841D861B2121700B00238A96 /* Converter Pro */,
				841D861A2121700B00238A96 /* Products */,
			);
			sourceTree = "<group>";
		};
		841D861A2121700B00238A96 /* Products */ = {
			isa = PBXGroup;
			children = (
				841D86192121700B00238A96 /* Converter Pro.app */,
			);
			name = Products;
			sourceTree = "<group>";
		};
		841D861B2121700B00238A96 /* Converter Pro */ = {
			isa = PBXGroup;
			children = (
				841D861C2121700B00238A96 /* AppDelegate.swift */,
				841D861E2121700B00238A96 /* WeightViewController.swift */,
				841D86202121700B00238A96 /* TermperatureViewController.swift */,
				847D5EA021221F1B00755E12 /* DistanceViewController.swift */,
				847D5EA22122223600755E12 /* SpeedViewController.swift */,
				841D86222121700B00238A96 /* Main.storyboard */,
				841D86252121700D00238A96 /* Assets.xcassets */,
				841D86272121700D00238A96 /* LaunchScreen.storyboard */,
				841D862A2121700D00238A96 /* Info.plist */,
				844240FC212909C3008BD88E /* TemperatureState.swift */,
				844240FE21290A12008BD88E /* WeightState.swift */,
				8442410021290A31008BD88E /* DistanceState.swift */,
				8442410221290A46008BD88E /* SpeedState.swift */,
			);
			path = "Converter Pro";
			sourceTree = "<group>";
		};
/* End PBXGroup section */

/* Begin PBXNativeTarget section */
		841D86182121700B00238A96 /* Converter Pro */ = {
			isa = PBXNativeTarget;
			buildConfigurationList = 841D862D2121700D00238A96 /* Build configuration list for PBXNativeTarget "Converter Pro" */;
			buildPhases = (
				841D86152121700B00238A96 /* Sources */,
				841D86162121700B00238A96 /* Frameworks */,
				841D86172121700B00238A96 /* Resources */,
			);
			buildRules = (
			);
			dependencies = (
			);
			name = "Converter Pro";
			productName = "Converter Pro";
			productReference = 841D86192121700B00238A96 /* Converter Pro.app */;
			productType = "com.apple.product-type.application";
		};
/* End PBXNativeTarget section */

/* Begin PBXProject section */
		841D86112121700B00238A96 /* Project object */ = {
			isa = PBXProject;
			attributes = {
				LastSwiftUpdateCheck = 0940;
				LastUpgradeCheck = 0940;
				ORGANIZATIONNAME = Admin;
				TargetAttributes = {
					841D86182121700B00238A96 = {
						CreatedOnToolsVersion = 9.4.1;
					};
				};
			};
			buildConfigurationList = 841D86142121700B00238A96 /* Build configuration list for PBXProject "Converter Pro" */;
			compatibilityVersion = "Xcode 9.3";
			developmentRegion = en;
			hasScannedForEncodings = 0;
			knownRegions = (
				en,
				Base,
			);
			mainGroup = 841D86102121700B00238A96;
			productRefGroup = 841D861A2121700B00238A96 /* Products */;
			projectDirPath = "";
			projectRoot = "";
			targets = (
				841D86182121700B00238A96 /* Converter Pro */,
			);
		};
/* End PBXProject section */

/* Begin PBXResourcesBuildPhase section */
		841D86172121700B00238A96 /* Resources */ = {
			isa = PBXResourcesBuildPhase;
			buildActionMask = 2147483647;
			files = (
				841D86292121700D00238A96 /* LaunchScreen.storyboard in Resources */,
				841D86262121700D00238A96 /* Assets.xcassets in Resources */,
				841D86242121700B00238A96 /* Main.storyboard in Resources */,
			);
			runOnlyForDeploymentPostprocessing = 0;
		};
/* End PBXResourcesBuildPhase section */

/* Begin PBXSourcesBuildPhase section */
		841D86152121700B00238A96 /* Sources */ = {
			isa = PBXSourcesBuildPhase;
			buildActionMask = 2147483647;
			files = (
				841D86212121700B00238A96 /* TermperatureViewController.swift in Sources */,
				8442410321290A46008BD88E /* SpeedState.swift in Sources */,
				8442410121290A31008BD88E /* DistanceState.swift in Sources */,
				847D5EA32122223600755E12 /* SpeedViewController.swift in Sources */,
				841D861D2121700B00238A96 /* AppDelegate.swift in Sources */,
				847D5EA121221F1B00755E12 /* DistanceViewController.swift in Sources */,
				844240FD212909C3008BD88E /* TemperatureState.swift in Sources */,
				841D861F2121700B00238A96 /* WeightViewController.swift in Sources */,
				844240FF21290A12008BD88E /* WeightState.swift in Sources */,
			);
			runOnlyForDeploymentPostprocessing = 0;
		};
/* End PBXSourcesBuildPhase section */

/* Begin PBXVariantGroup section */
		841D86222121700B00238A96 /* Main.storyboard */ = {
			isa = PBXVariantGroup;
			children = (
				841D86232121700B00238A96 /* Base */,
			);
			name = Main.storyboard;
			sourceTree = "<group>";
		};
		841D86272121700D00238A96 /* LaunchScreen.storyboard */ = {
			isa = PBXVariantGroup;
			children = (
				841D86282121700D00238A96 /* Base */,
			);
			name = LaunchScreen.storyboard;
			sourceTree = "<group>";
		};
/* End PBXVariantGroup section */

/* Begin XCBuildConfiguration section */
		841D862B2121700D00238A96 /* Debug */ = {
			isa = XCBuildConfiguration;
			buildSettings = {
				ALWAYS_SEARCH_USER_PATHS = NO;
				CLANG_ANALYZER_NONNULL = YES;
				CLANG_ANALYZER_NUMBER_OBJECT_CONVERSION = YES_AGGRESSIVE;
				CLANG_CXX_LANGUAGE_STANDARD = "gnu++14";
				CLANG_CXX_LIBRARY = "libc++";
				CLANG_ENABLE_MODULES = YES;
				CLANG_ENABLE_OBJC_ARC = YES;
				CLANG_ENABLE_OBJC_WEAK = YES;
				CLANG_WARN_BLOCK_CAPTURE_AUTORELEASING = YES;
				CLANG_WARN_BOOL_CONVERSION = YES;
				CLANG_WARN_COMMA = YES;
				CLANG_WARN_CONSTANT_CONVERSION = YES;
				CLANG_WARN_DEPRECATED_OBJC_IMPLEMENTATIONS = YES;
				CLANG_WARN_DIRECT_OBJC_ISA_USAGE = YES_ERROR;
				CLANG_WARN_DOCUMENTATION_COMMENTS = YES;
				CLANG_WARN_EMPTY_BODY = YES;
				CLANG_WARN_ENUM_CONVERSION = YES;
				CLANG_WARN_INFINITE_RECURSION = YES;
				CLANG_WARN_INT_CONVERSION = YES;
				CLANG_WARN_NON_LITERAL_NULL_CONVERSION = YES;
				CLANG_WARN_OBJC_IMPLICIT_RETAIN_SELF = YES;
				CLANG_WARN_OBJC_LITERAL_CONVERSION = YES;
				CLANG_WARN_OBJC_ROOT_CLASS = YES_ERROR;
				CLANG_WARN_RANGE_LOOP_ANALYSIS = YES;
				CLANG_WARN_STRICT_PROTOTYPES = YES;
				CLANG_WARN_SUSPICIOUS_MOVE = YES;
				CLANG_WARN_UNGUARDED_AVAILABILITY = YES_AGGRESSIVE;
				CLANG_WARN_UNREACHABLE_CODE = YES;
				CLANG_WARN__DUPLICATE_METHOD_MATCH = YES;
				CODE_SIGN_IDENTITY = "iPhone Developer";
				COPY_PHASE_STRIP = NO;
				DEBUG_INFORMATION_FORMAT = dwarf;
				ENABLE_STRICT_OBJC_MSGSEND = YES;
				ENABLE_TESTABILITY = YES;
				GCC_C_LANGUAGE_STANDARD = gnu11;
				GCC_DYNAMIC_NO_PIC = NO;
				GCC_NO_COMMON_BLOCKS = YES;
				GCC_OPTIMIZATION_LEVEL = 0;
				GCC_PREPROCESSOR_DEFINITIONS = (
					"DEBUG=1",
					"$(inherited)",
				);
				GCC_WARN_64_TO_32_BIT_CONVERSION = YES;
				GCC_WARN_ABOUT_RETURN_TYPE = YES_ERROR;
				GCC_WARN_UNDECLARED_SELECTOR = YES;
				GCC_WARN_UNINITIALIZED_AUTOS = YES_AGGRESSIVE;
				GCC_WARN_UNUSED_FUNCTION = YES;
				GCC_WARN_UNUSED_VARIABLE = YES;
				IPHONEOS_DEPLOYMENT_TARGET = 11.4;
				MTL_ENABLE_DEBUG_INFO = YES;
				ONLY_ACTIVE_ARCH = YES;
				SDKROOT = iphoneos;
				SWIFT_ACTIVE_COMPILATION_CONDITIONS = DEBUG;
				SWIFT_OPTIMIZATION_LEVEL = "-Onone";
			};
			name = Debug;
		};
		841D862C2121700D00238A96 /* Release */ = {
			isa = XCBuildConfiguration;
			buildSettings = {
				ALWAYS_SEARCH_USER_PATHS = NO;
				CLANG_ANALYZER_NONNULL = YES;
				CLANG_ANALYZER_NUMBER_OBJECT_CONVERSION = YES_AGGRESSIVE;
				CLANG_CXX_LANGUAGE_STANDARD = "gnu++14";
				CLANG_CXX_LIBRARY = "libc++";
				CLANG_ENABLE_MODULES = YES;
				CLANG_ENABLE_OBJC_ARC = YES;
				CLANG_ENABLE_OBJC_WEAK = YES;
				CLANG_WARN_BLOCK_CAPTURE_AUTORELEASING = YES;
				CLANG_WARN_BOOL_CONVERSION = YES;
				CLANG_WARN_COMMA = YES;
				CLANG_WARN_CONSTANT_CONVERSION = YES;
				CLANG_WARN_DEPRECATED_OBJC_IMPLEMENTATIONS = YES;
				CLANG_WARN_DIRECT_OBJC_ISA_USAGE = YES_ERROR;
				CLANG_WARN_DOCUMENTATION_COMMENTS = YES;
				CLANG_WARN_EMPTY_BODY = YES;
				CLANG_WARN_ENUM_CONVERSION = YES;
				CLANG_WARN_INFINITE_RECURSION = YES;
				CLANG_WARN_INT_CONVERSION = YES;
				CLANG_WARN_NON_LITERAL_NULL_CONVERSION = YES;
				CLANG_WARN_OBJC_IMPLICIT_RETAIN_SELF = YES;
				CLANG_WARN_OBJC_LITERAL_CONVERSION = YES;
				CLANG_WARN_OBJC_ROOT_CLASS = YES_ERROR;
				CLANG_WARN_RANGE_LOOP_ANALYSIS = YES;
				CLANG_WARN_STRICT_PROTOTYPES = YES;
				CLANG_WARN_SUSPICIOUS_MOVE = YES;
				CLANG_WARN_UNGUARDED_AVAILABILITY = YES_AGGRESSIVE;
				CLANG_WARN_UNREACHABLE_CODE = YES;
				CLANG_WARN__DUPLICATE_METHOD_MATCH = YES;
				CODE_SIGN_IDENTITY = "iPhone Developer";
				COPY_PHASE_STRIP = NO;
				DEBUG_INFORMATION_FORMAT = "dwarf-with-dsym";
				ENABLE_NS_ASSERTIONS = NO;
				ENABLE_STRICT_OBJC_MSGSEND = YES;
				GCC_C_LANGUAGE_STANDARD = gnu11;
				GCC_NO_COMMON_BLOCKS = YES;
				GCC_WARN_64_TO_32_BIT_CONVERSION = YES;
				GCC_WARN_ABOUT_RETURN_TYPE = YES_ERROR;
				GCC_WARN_UNDECLARED_SELECTOR = YES;
				GCC_WARN_UNINITIALIZED_AUTOS = YES_AGGRESSIVE;
				GCC_WARN_UNUSED_FUNCTION = YES;
				GCC_WARN_UNUSED_VARIABLE = YES;
				IPHONEOS_DEPLOYMENT_TARGET = 11.4;
				MTL_ENABLE_DEBUG_INFO = NO;
				SDKROOT = iphoneos;
				SWIFT_COMPILATION_MODE = wholemodule;
				SWIFT_OPTIMIZATION_LEVEL = "-O";
				VALIDATE_PRODUCT = YES;
			};
			name = Release;
		};
		841D862E2121700D00238A96 /* Debug */ = {
			isa = XCBuildConfiguration;
			buildSettings = {
				ASSETCATALOG_COMPILER_APPICON_NAME = AppIcon;
				CODE_SIGN_STYLE = Automatic;
				INFOPLIST_FILE = "Converter Pro/Info.plist";
				LD_RUNPATH_SEARCH_PATHS = (
					"$(inherited)",
					"@executable_path/Frameworks",
				);
				PRODUCT_BUNDLE_IDENTIFIER = "sliit.Converter-Pro";
				PRODUCT_NAME = "$(TARGET_NAME)";
				SWIFT_VERSION = 4.0;
				TARGETED_DEVICE_FAMILY = "1,2";
			};
			name = Debug;
		};
		841D862F2121700D00238A96 /* Release */ = {
			isa = XCBuildConfiguration;
			buildSettings = {
				ASSETCATALOG_COMPILER_APPICON_NAME = AppIcon;
				CODE_SIGN_STYLE = Automatic;
				INFOPLIST_FILE = "Converter Pro/Info.plist";
				LD_RUNPATH_SEARCH_PATHS = (
					"$(inherited)",
					"@executable_path/Frameworks",
				);
				PRODUCT_BUNDLE_IDENTIFIER = "sliit.Converter-Pro";
				PRODUCT_NAME = "$(TARGET_NAME)";
				SWIFT_VERSION = 4.0;
				TARGETED_DEVICE_FAMILY = "1,2";
			};
			name = Release;
		};
/* End XCBuildConfiguration section */

/* Begin XCConfigurationList section */
		841D86142121700B00238A96 /* Build configuration list for PBXProject "Converter Pro" */ = {
			isa = XCConfigurationList;
			buildConfigurations = (
				841D862B2121700D00238A96 /* Debug */,
				841D862C2121700D00238A96 /* Release */,
			);
			defaultConfigurationIsVisible = 0;
			defaultConfigurationName = Release;
		};
		841D862D2121700D00238A96 /* Build configuration list for PBXNativeTarget "Converter Pro" */ = {
			isa = XCConfigurationList;
			buildConfigurations = (
				841D862E2121700D00238A96 /* Debug */,
				841D862F2121700D00238A96 /* Release */,
			);
			defaultConfigurationIsVisible = 0;
			defaultConfigurationName = Release;
		};
/* End XCConfigurationList section */
	};
	rootObject = 841D86112121700B00238A96 /* Project object */;
}
